// !$*UTF8*$!
{
	archiveVersion = 1;
	classes = {
	};
	objectVersion = 50;
	objects = {

/* Begin PBXBuildFile section */
		C21C127521BA45BB00CABDED /* AppDelegate.m in Sources */ = {isa = PBXBuildFile; fileRef = C21C127421BA45BB00CABDED /* AppDelegate.m */; };
		C21C127821BA45BB00CABDED /* ViewController.m in Sources */ = {isa = PBXBuildFile; fileRef = C21C127721BA45BB00CABDED /* ViewController.m */; };
		C21C127B21BA45BB00CABDED /* Main.storyboard in Resources */ = {isa = PBXBuildFile; fileRef = C21C127921BA45BB00CABDED /* Main.storyboard */; };
		C21C127D21BA45BC00CABDED /* Assets.xcassets in Resources */ = {isa = PBXBuildFile; fileRef = C21C127C21BA45BC00CABDED /* Assets.xcassets */; };
		C21C128021BA45BC00CABDED /* LaunchScreen.storyboard in Resources */ = {isa = PBXBuildFile; fileRef = C21C127E21BA45BC00CABDED /* LaunchScreen.storyboard */; };
		C21C128321BA45BC00CABDED /* main.m in Sources */ = {isa = PBXBuildFile; fileRef = C21C128221BA45BC00CABDED /* main.m */; };
		C21C128B21BA48F200CABDED /* MyView.m in Sources */ = {isa = PBXBuildFile; fileRef = C21C128A21BA48F200CABDED /* MyView.m */; };
/* End PBXBuildFile section */

/* Begin PBXFileReference section */
		C21C127021BA45BB00CABDED /* TestGitPro.app */ = {isa = PBXFileReference; explicitFileType = wrapper.application; includeInIndex = 0; path = TestGitPro.app; sourceTree = BUILT_PRODUCTS_DIR; };
		C21C127321BA45BB00CABDED /* AppDelegate.h */ = {isa = PBXFileReference; lastKnownFileType = sourcecode.c.h; path = AppDelegate.h; sourceTree = "<group>"; };
		C21C127421BA45BB00CABDED /* AppDelegate.m */ = {isa = PBXFileReference; lastKnownFileType = sourcecode.c.objc; path = AppDelegate.m; sourceTree = "<group>"; };
		C21C127621BA45BB00CABDED /* ViewController.h */ = {isa = PBXFileReference; lastKnownFileType = sourcecode.c.h; path = ViewController.h; sourceTree = "<group>"; };
		C21C127721BA45BB00CABDED /* ViewController.m */ = {isa = PBXFileReference; lastKnownFileType = sourcecode.c.objc; path = ViewController.m; sourceTree = "<group>"; };
		C21C127A21BA45BB00CABDED /* Base */ = {isa = PBXFileReference; lastKnownFileType = file.storyboard; name = Base; path = Base.lproj/Main.storyboard; sourceTree = "<group>"; };
		C21C127C21BA45BC00CABDED /* Assets.xcassets */ = {isa = PBXFileReference; lastKnownFileType = folder.assetcatalog; path = Assets.xcassets; sourceTree = "<group>"; };
		C21C127F21BA45BC00CABDED /* Base */ = {isa = PBXFileReference; lastKnownFileType = file.storyboard; name = Base; path = Base.lproj/LaunchScreen.storyboard; sourceTree = "<group>"; };
		C21C128121BA45BC00CABDED /* Info.plist */ = {isa = PBXFileReference; lastKnownFileType = text.plist.xml; path = Info.plist; sourceTree = "<group>"; };
		C21C128221BA45BC00CABDED /* main.m */ = {isa = PBXFileReference; lastKnownFileType = sourcecode.c.objc; path = main.m; sourceTree = "<group>"; };
		C21C128921BA48F200CABDED /* MyView.h */ = {isa = PBXFileReference; lastKnownFileType = sourcecode.c.h; path = MyView.h; sourceTree = "<group>"; };
		C21C128A21BA48F200CABDED /* MyView.m */ = {isa = PBXFileReference; lastKnownFileType = sourcecode.c.objc; path = MyView.m; sourceTree = "<group>"; };
/* End PBXFileReference section */

/* Begin PBXFrameworksBuildPhase section */
		C21C126D21BA45BB00CABDED /* Frameworks */ = {
			isa = PBXFrameworksBuildPhase;
			buildActionMask = 2147483647;
			files = (
			);
			runOnlyForDeploymentPostprocessing = 0;
		};
/* End PBXFrameworksBuildPhase section */

/* Begin PBXGroup section */
		C21C126721BA45BB00CABDED = {
			isa = PBXGroup;
			children = (
				C21C127221BA45BB00CABDED /* TestGitPro */,
				C21C127121BA45BB00CABDED /* Products */,
			);
			sourceTree = "<group>";
		};
		C21C127121BA45BB00CABDED /* Products */ = {
			isa = PBXGroup;
			children = (
				C21C127021BA45BB00CABDED /* TestGitPro.app */,
			);
			name = Products;
			sourceTree = "<group>";
		};
		C21C127221BA45BB00CABDED /* TestGitPro */ = {
			isa = PBXGroup;
			children = (
				C21C127321BA45BB00CABDED /* AppDelegate.h */,
				C21C127421BA45BB00CABDED /* AppDelegate.m */,
				C21C128921BA48F200CABDED /* MyView.h */,
				C21C128A21BA48F200CABDED /* MyView.m */,
				C21C127621BA45BB00CABDED /* ViewController.h */,
				C21C127721BA45BB00CABDED /* ViewController.m */,
				C21C127921BA45BB00CABDED /* Main.storyboard */,
				C21C127C21BA45BC00CABDED /* Assets.xcassets */,
				C21C127E21BA45BC00CABDED /* LaunchScreen.storyboard */,
				C21C128121BA45BC00CABDED /* Info.plist */,
				C21C128221BA45BC00CABDED /* main.m */,
			);
			path = TestGitPro;
			sourceTree = "<group>";
		};
/* End PBXGroup section */

/* Begin PBXNativeTarget section */
		C21C126F21BA45BB00CABDED /* TestGitPro */ = {
			isa = PBXNativeTarget;
			buildConfigurationList = C21C128621BA45BC00CABDED /* Build configuration list for PBXNativeTarget "TestGitPro" */;
			buildPhases = (
				C21C126C21BA45BB00CABDED /* Sources */,
				C21C126D21BA45BB00CABDED /* Frameworks */,
				C21C126E21BA45BB00CABDED /* Resources */,
			);
			buildRules = (
			);
			dependencies = (
			);
			name = TestGitPro;
			productName = TestGitPro;
			productReference = C21C127021BA45BB00CABDED /* TestGitPro.app */;
			productType = "com.apple.product-type.application";
		};
/* End PBXNativeTarget section */

/* Begin PBXProject section */
		C21C126821BA45BB00CABDED /* Project object */ = {
			isa = PBXProject;
			attributes = {
				LastUpgradeCheck = 1010;
				ORGANIZATIONNAME = "包强";
				TargetAttributes = {
					C21C126F21BA45BB00CABDED = {
						CreatedOnToolsVersion = 10.1;
					};
				};
			};
			buildConfigurationList = C21C126B21BA45BB00CABDED /* Build configuration list for PBXProject "TestGitPro" */;
			compatibilityVersion = "Xcode 9.3";
			developmentRegion = en;
			hasScannedForEncodings = 0;
			knownRegions = (
				en,
				Base,
			);
			mainGroup = C21C126721BA45BB00CABDED;
			productRefGroup = C21C127121BA45BB00CABDED /* Products */;
			projectDirPath = "";
			projectRoot = "";
			targets = (
				C21C126F21BA45BB00CABDED /* TestGitPro */,
			);
		};
/* End PBXProject section */

/* Begin PBXResourcesBuildPhase section */
		C21C126E21BA45BB00CABDED /* Resources */ = {
			isa = PBXResourcesBuildPhase;
			buildActionMask = 2147483647;
			files = (
				C21C128021BA45BC00CABDED /* LaunchScreen.storyboard in Resources */,
				C21C127D21BA45BC00CABDED /* Assets.xcassets in Resources */,
				C21C127B21BA45BB00CABDED /* Main.storyboard in Resources */,
			);
			runOnlyForDeploymentPostprocessing = 0;
		};
/* End PBXResourcesBuildPhase section */

/* Begin PBXSourcesBuildPhase section */
		C21C126C21BA45BB00CABDED /* Sources */ = {
			isa = PBXSourcesBuildPhase;
			buildActionMask = 2147483647;
			files = (
				C21C128B21BA48F200CABDED /* MyView.m in Sources */,
				C21C127821BA45BB00CABDED /* ViewController.m in Sources */,
				C21C128321BA45BC00CABDED /* main.m in Sources */,
				C21C127521BA45BB00CABDED /* AppDelegate.m in Sources */,
			);
			runOnlyForDeploymentPostprocessing = 0;
		};
/* End PBXSourcesBuildPhase section */

/* Begin PBXVariantGroup section */
		C21C127921BA45BB00CABDED /* Main.storyboard */ = {
			isa = PBXVariantGroup;
			children = (
				C21C127A21BA45BB00CABDED /* Base */,
			);
			name = Main.storyboard;
			sourceTree = "<group>";
		};
		C21C127E21BA45BC00CABDED /* LaunchScreen.storyboard */ = {
			isa = PBXVariantGroup;
			children = (
				C21C127F21BA45BC00CABDED /* Base */,
			);
			name = LaunchScreen.storyboard;
			sourceTree = "<group>";
		};
/* End PBXVariantGroup section */

/* Begin XCBuildConfiguration section */
		C21C128421BA45BC00CABDED /* Debug */ = {
			isa = XCBuildConfiguration;
			buildSettings = {
				ALWAYS_SEARCH_USER_PATHS = NO;
				CLANG_ANALYZER_NONNULL = YES;
				CLANG_ANALYZER_NUMBER_OBJECT_CONVERSION = YES_AGGRESSIVE;
				CLANG_CXX_LANGUAGE_STANDARD = "gnu++14";
				CLANG_CXX_LIBRARY = "libc++";
				CLANG_ENABLE_MODULES = YES;
				CLANG_ENABLE_OBJC_ARC = YES;
				CLANG_ENABLE_OBJC_WEAK = YES;
				CLANG_WARN_BLOCK_CAPTURE_AUTORELEASING = YES;
				CLANG_WARN_BOOL_CONVERSION = YES;
				CLANG_WARN_COMMA = YES;
				CLANG_WARN_CONSTANT_CONVERSION = YES;
				CLANG_WARN_DEPRECATED_OBJC_IMPLEMENTATIONS = YES;
				CLANG_WARN_DIRECT_OBJC_ISA_USAGE = YES_ERROR;
				CLANG_WARN_DOCUMENTATION_COMMENTS = YES;
				CLANG_WARN_EMPTY_BODY = YES;
				CLANG_WARN_ENUM_CONVERSION = YES;
				CLANG_WARN_INFINITE_RECURSION = YES;
				CLANG_WARN_INT_CONVERSION = YES;
				CLANG_WARN_NON_LITERAL_NULL_CONVERSION = YES;
				CLANG_WARN_OBJC_IMPLICIT_RETAIN_SELF = YES;
				CLANG_WARN_OBJC_LITERAL_CONVERSION = YES;
				CLANG_WARN_OBJC_ROOT_CLASS = YES_ERROR;
				CLANG_WARN_RANGE_LOOP_ANALYSIS = YES;
				CLANG_WARN_STRICT_PROTOTYPES = YES;
				CLANG_WARN_SUSPICIOUS_MOVE = YES;
				CLANG_WARN_UNGUARDED_AVAILABILITY = YES_AGGRESSIVE;
				CLANG_WARN_UNREACHABLE_CODE = YES;
				CLANG_WARN__DUPLICATE_METHOD_MATCH = YES;
				CODE_SIGN_IDENTITY = "iPhone Developer";
				COPY_PHASE_STRIP = NO;
				DEBUG_INFORMATION_FORMAT = dwarf;
				ENABLE_STRICT_OBJC_MSGSEND = YES;
				ENABLE_TESTABILITY = YES;
				GCC_C_LANGUAGE_STANDARD = gnu11;
				GCC_DYNAMIC_NO_PIC = NO;
				GCC_NO_COMMON_BLOCKS = YES;
				GCC_OPTIMIZATION_LEVEL = 0;
				GCC_PREPROCESSOR_DEFINITIONS = (
					"DEBUG=1",
					"$(inherited)",
				);
				GCC_WARN_64_TO_32_BIT_CONVERSION = YES;
				GCC_WARN_ABOUT_RETURN_TYPE = YES_ERROR;
				GCC_WARN_UNDECLARED_SELECTOR = YES;
				GCC_WARN_UNINITIALIZED_AUTOS = YES_AGGRESSIVE;
				GCC_WARN_UNUSED_FUNCTION = YES;
				GCC_WARN_UNUSED_VARIABLE = YES;
				IPHONEOS_DEPLOYMENT_TARGET = 12.1;
				MTL_ENABLE_DEBUG_INFO = INCLUDE_SOURCE;
				MTL_FAST_MATH = YES;
				ONLY_ACTIVE_ARCH = YES;
				SDKROOT = iphoneos;
			};
			name = Debug;
		};
		C21C128521BA45BC00CABDED /* Release */ = {
			isa = XCBuildConfiguration;
			buildSettings = {
				ALWAYS_SEARCH_USER_PATHS = NO;
				CLANG_ANALYZER_NONNULL = YES;
				CLANG_ANALYZER_NUMBER_OBJECT_CONVERSION = YES_AGGRESSIVE;
				CLANG_CXX_LANGUAGE_STANDARD = "gnu++14";
				CLANG_CXX_LIBRARY = "libc++";
				CLANG_ENABLE_MODULES = YES;
				CLANG_ENABLE_OBJC_ARC = YES;
				CLANG_ENABLE_OBJC_WEAK = YES;
				CLANG_WARN_BLOCK_CAPTURE_AUTORELEASING = YES;
				CLANG_WARN_BOOL_CONVERSION = YES;
				CLANG_WARN_COMMA = YES;
				CLANG_WARN_CONSTANT_CONVERSION = YES;
				CLANG_WARN_DEPRECATED_OBJC_IMPLEMENTATIONS = YES;
				CLANG_WARN_DIRECT_OBJC_ISA_USAGE = YES_ERROR;
				CLANG_WARN_DOCUMENTATION_COMMENTS = YES;
				CLANG_WARN_EMPTY_BODY = YES;
				CLANG_WARN_ENUM_CONVERSION = YES;
				CLANG_WARN_INFINITE_RECURSION = YES;
				CLANG_WARN_INT_CONVERSION = YES;
				CLANG_WARN_NON_LITERAL_NULL_CONVERSION = YES;
				CLANG_WARN_OBJC_IMPLICIT_RETAIN_SELF = YES;
				CLANG_WARN_OBJC_LITERAL_CONVERSION = YES;
				CLANG_WARN_OBJC_ROOT_CLASS = YES_ERROR;
				CLANG_WARN_RANGE_LOOP_ANALYSIS = YES;
				CLANG_WARN_STRICT_PROTOTYPES = YES;
				CLANG_WARN_SUSPICIOUS_MOVE = YES;
				CLANG_WARN_UNGUARDED_AVAILABILITY = YES_AGGRESSIVE;
				CLANG_WARN_UNREACHABLE_CODE = YES;
				CLANG_WARN__DUPLICATE_METHOD_MATCH = YES;
				CODE_SIGN_IDENTITY = "iPhone Developer";
				COPY_PHASE_STRIP = NO;
				DEBUG_INFORMATION_FORMAT = "dwarf-with-dsym";
				ENABLE_NS_ASSERTIONS = NO;
				ENABLE_STRICT_OBJC_MSGSEND = YES;
				GCC_C_LANGUAGE_STANDARD = gnu11;
				GCC_NO_COMMON_BLOCKS = YES;
				GCC_WARN_64_TO_32_BIT_CONVERSION = YES;
				GCC_WARN_ABOUT_RETURN_TYPE = YES_ERROR;
				GCC_WARN_UNDECLARED_SELECTOR = YES;
				GCC_WARN_UNINITIALIZED_AUTOS = YES_AGGRESSIVE;
				GCC_WARN_UNUSED_FUNCTION = YES;
				GCC_WARN_UNUSED_VARIABLE = YES;
				IPHONEOS_DEPLOYMENT_TARGET = 12.1;
				MTL_ENABLE_DEBUG_INFO = NO;
				MTL_FAST_MATH = YES;
				SDKROOT = iphoneos;
				VALIDATE_PRODUCT = YES;
			};
			name = Release;
		};
		C21C128721BA45BC00CABDED /* Debug */ = {
			isa = XCBuildConfiguration;
			buildSettings = {
				ASSETCATALOG_COMPILER_APPICON_NAME = AppIcon;
				CODE_SIGN_STYLE = Automatic;
				INFOPLIST_FILE = TestGitPro/Info.plist;
				LD_RUNPATH_SEARCH_PATHS = (
					"$(inherited)",
					"@executable_path/Frameworks",
				);
				PRODUCT_BUNDLE_IDENTIFIER = bqoqiang.TestGitPro;
				PRODUCT_NAME = "$(TARGET_NAME)";
				TARGETED_DEVICE_FAMILY = "1,2";
			};
			name = Debug;
		};
		C21C128821BA45BC00CABDED /* Release */ = {
			isa = XCBuildConfiguration;
			buildSettings = {
				ASSETCATALOG_COMPILER_APPICON_NAME = AppIcon;
				CODE_SIGN_STYLE = Automatic;
				INFOPLIST_FILE = TestGitPro/Info.plist;
				LD_RUNPATH_SEARCH_PATHS = (
					"$(inherited)",
					"@executable_path/Frameworks",
				);
				PRODUCT_BUNDLE_IDENTIFIER = bqoqiang.TestGitPro;
				PRODUCT_NAME = "$(TARGET_NAME)";
				TARGETED_DEVICE_FAMILY = "1,2";
			};
			name = Release;
		};
/* End XCBuildConfiguration section */

/* Begin XCConfigurationList section */
		C21C126B21BA45BB00CABDED /* Build configuration list for PBXProject "TestGitPro" */ = {
			isa = XCConfigurationList;
			buildConfigurations = (
				C21C128421BA45BC00CABDED /* Debug */,
				C21C128521BA45BC00CABDED /* Release */,
			);
			defaultConfigurationIsVisible = 0;
			defaultConfigurationName = Release;
		};
		C21C128621BA45BC00CABDED /* Build configuration list for PBXNativeTarget "TestGitPro" */ = {
			isa = XCConfigurationList;
			buildConfigurations = (
				C21C128721BA45BC00CABDED /* Debug */,
				C21C128821BA45BC00CABDED /* Release */,
			);
			defaultConfigurationIsVisible = 0;
			defaultConfigurationName = Release;
		};
/* End XCConfigurationList section */
	};
	rootObject = C21C126821BA45BB00CABDED /* Project object */;
}
